Microsoft Visual Studio Solution File, Format Version 12.00
# Visual Studio Version 17
VisualStudioVersion = 17.5.2.0
MinimumVisualStudioVersion = 10.0.40219.1
Project("{FAE04EC0-301F-11D3-BF4B-00C04F79EFBC}") = "Ejercicio3TablasMultiplicar", "Ejercicio3TablasMultiplicar.csproj", "{6C2DC758-418F-E75E-75F4-16FCA7B7F0C7}"
EndProject
Global
	GlobalSection(SolutionConfigurationPlatforms) = preSolution
		Debug|Any CPU = Debug|Any CPU
		Release|Any CPU = Release|Any CPU
	EndGlobalSection
	GlobalSection(ProjectConfigurationPlatforms) = postSolution
		{6C2DC758-418F-E75E-75F4-16FCA7B7F0C7}.Debug|Any CPU.ActiveCfg = Debug|Any CPU
		{6C2DC758-418F-E75E-75F4-16FCA7B7F0C7}.Debug|Any CPU.Build.0 = Debug|Any CPU
		{6C2DC758-418F-E75E-75F4-16FCA7B7F0C7}.Release|Any CPU.ActiveCfg = Release|Any CPU
		{6C2DC758-418F-E75E-75F4-16FCA7B7F0C7}.Release|Any CPU.Build.0 = Release|Any CPU
	EndGlobalSection
	GlobalSection(SolutionProperties) = preSolution
		HideSolutionNode = FALSE
	EndGlobalSection
	GlobalSection(ExtensibilityGlobals) = postSolution
		SolutionGuid = {2A5265D9-0B2C-452E-ABD3-3D858F5DEEB9}
	EndGlobalSection
EndGlobal
